
Microsoft Visual Studio Solution File, Format Version 12.00
# Visual Studio 15
Project("{FAE04EC0-301F-11D3-BF4B-00C04F79EFBC}") = "repro.iOS", "repro.iOS\repro.iOS.csproj", "{BF937FD9-D07C-402F-ADF9-698C5264051D}"
EndProject
Project("{FAE04EC0-301F-11D3-BF4B-00C04F79EFBC}") = "repro", "repro\repro.csproj", "{347EE422-65BA-4DED-A865-F28C124A04FE}"
EndProject
Project("{FAE04EC0-301F-11D3-BF4B-00C04F79EFBC}") = "repro.macOS", "repro.macOS\repro.macOS.csproj", "{A86A38F1-0893-458D-9A3C-433845FC5EAC}"
EndProject
Global
	GlobalSection(SolutionConfigurationPlatforms) = preSolution
		Debug|iPhoneSimulator = Debug|iPhoneSimulator
		Release|iPhoneSimulator = Release|iPhoneSimulator
		Debug|iPhone = Debug|iPhone
		Release|iPhone = Release|iPhone
		Debug|Any CPU = Debug|Any CPU
		Release|Any CPU = Release|Any CPU
	EndGlobalSection
	GlobalSection(ProjectConfigurationPlatforms) = postSolution
		{BF937FD9-D07C-402F-ADF9-698C5264051D}.Debug|iPhoneSimulator.ActiveCfg = Debug|iPhoneSimulator
		{BF937FD9-D07C-402F-ADF9-698C5264051D}.Debug|iPhoneSimulator.Build.0 = Debug|iPhoneSimulator
		{BF937FD9-D07C-402F-ADF9-698C5264051D}.Release|iPhoneSimulator.ActiveCfg = Release|iPhoneSimulator
		{BF937FD9-D07C-402F-ADF9-698C5264051D}.Release|iPhoneSimulator.Build.0 = Release|iPhoneSimulator
		{BF937FD9-D07C-402F-ADF9-698C5264051D}.Debug|iPhone.ActiveCfg = Debug|iPhone
		{BF937FD9-D07C-402F-ADF9-698C5264051D}.Debug|iPhone.Build.0 = Debug|iPhone
		{BF937FD9-D07C-402F-ADF9-698C5264051D}.Release|iPhone.ActiveCfg = Release|iPhone
		{BF937FD9-D07C-402F-ADF9-698C5264051D}.Release|iPhone.Build.0 = Release|iPhone
		{BF937FD9-D07C-402F-ADF9-698C5264051D}.Debug|Any CPU.ActiveCfg = Debug|iPhoneSimulator
		{BF937FD9-D07C-402F-ADF9-698C5264051D}.Debug|Any CPU.Build.0 = Debug|iPhoneSimulator
		{BF937FD9-D07C-402F-ADF9-698C5264051D}.Release|Any CPU.ActiveCfg = Release|iPhoneSimulator
		{BF937FD9-D07C-402F-ADF9-698C5264051D}.Release|Any CPU.Build.0 = Release|iPhoneSimulator
		{347EE422-65BA-4DED-A865-F28C124A04FE}.Debug|iPhoneSimulator.ActiveCfg = Debug|Any CPU
		{347EE422-65BA-4DED-A865-F28C124A04FE}.Debug|iPhoneSimulator.Build.0 = Debug|Any CPU
		{347EE422-65BA-4DED-A865-F28C124A04FE}.Release|iPhoneSimulator.ActiveCfg = Release|Any CPU
		{347EE422-65BA-4DED-A865-F28C124A04FE}.Release|iPhoneSimulator.Build.0 = Release|Any CPU
		{347EE422-65BA-4DED-A865-F28C124A04FE}.Debug|iPhone.ActiveCfg = Debug|Any CPU
		{347EE422-65BA-4DED-A865-F28C124A04FE}.Debug|iPhone.Build.0 = Debug|Any CPU
		{347EE422-65BA-4DED-A865-F28C124A04FE}.Release|iPhone.ActiveCfg = Release|Any CPU
		{347EE422-65BA-4DED-A865-F28C124A04FE}.Release|iPhone.Build.0 = Release|Any CPU
		{347EE422-65BA-4DED-A865-F28C124A04FE}.Debug|Any CPU.ActiveCfg = Debug|Any CPU
		{347EE422-65BA-4DED-A865-F28C124A04FE}.Debug|Any CPU.Build.0 = Debug|Any CPU
		{347EE422-65BA-4DED-A865-F28C124A04FE}.Release|Any CPU.ActiveCfg = Release|Any CPU
		{347EE422-65BA-4DED-A865-F28C124A04FE}.Release|Any CPU.Build.0 = Release|Any CPU
		{A86A38F1-0893-458D-9A3C-433845FC5EAC}.Debug|iPhoneSimulator.ActiveCfg = Debug|Any CPU
		{A86A38F1-0893-458D-9A3C-433845FC5EAC}.Debug|iPhoneSimulator.Build.0 = Debug|Any CPU
		{A86A38F1-0893-458D-9A3C-433845FC5EAC}.Release|iPhoneSimulator.ActiveCfg = Release|Any CPU
		{A86A38F1-0893-458D-9A3C-433845FC5EAC}.Release|iPhoneSimulator.Build.0 = Release|Any CPU
		{A86A38F1-0893-458D-9A3C-433845FC5EAC}.Debug|iPhone.ActiveCfg = Debug|Any CPU
		{A86A38F1-0893-458D-9A3C-433845FC5EAC}.Debug|iPhone.Build.0 = Debug|Any CPU
		{A86A38F1-0893-458D-9A3C-433845FC5EAC}.Release|iPhone.ActiveCfg = Release|Any CPU
		{A86A38F1-0893-458D-9A3C-433845FC5EAC}.Release|iPhone.Build.0 = Release|Any CPU
		{A86A38F1-0893-458D-9A3C-433845FC5EAC}.Debug|Any CPU.ActiveCfg = Debug|Any CPU
		{A86A38F1-0893-458D-9A3C-433845FC5EAC}.Debug|Any CPU.Build.0 = Debug|Any CPU
		{A86A38F1-0893-458D-9A3C-433845FC5EAC}.Release|Any CPU.ActiveCfg = Release|Any CPU
		{A86A38F1-0893-458D-9A3C-433845FC5EAC}.Release|Any CPU.Build.0 = Release|Any CPU
	EndGlobalSection
EndGlobal
